{
  "name": "node-js-1309",
  "version": "1.0.0",
  "lockfileVersion": 3,
  "requires": true,
  "packages": {
    "": {
      "name": "node-js-1309",
      "version": "1.0.0",
      "license": "ISC",
      "dependencies": {
        "node-js-1309": "file:"
      }
    },
    "node_modules/node-js-1309": {
      "resolved": "",
      "link": true
    }
  }
}
